
Microsoft Visual Studio Solution File, Format Version 12.00
# Visual Studio 14
VisualStudioVersion = 14.0.24720.0
MinimumVisualStudioVersion = 10.0.40219.1
Project("{2150E333-8FDC-42A3-9474-1A3956D46DE8}") = "src", "src", "{90022F96-0E46-4310-9D94-AADF9E6F34E1}"
EndProject
Project("{2150E333-8FDC-42A3-9474-1A3956D46DE8}") = "Solution Items", "Solution Items", "{5AF7A5FF-9EF7-408A-9908-0BC56873EFD8}"
	ProjectSection(SolutionItems) = preProject
		global.json = global.json
	EndProjectSection
EndProject
Project("{8BB2217D-0F2D-49D1-97BC-3654ED321F3B}") = "MyWebApp", "src\MyWebApp\MyWebApp.xproj", "{2FC8EA18-7D18-4E0E-8FC6-0D0B85CECED9}"
EndProject
Project("{2150E333-8FDC-42A3-9474-1A3956D46DE8}") = "test", "test", "{5A6428B7-A978-4B81-B059-EDD237B0AADF}"
EndProject
Project("{8BB2217D-0F2D-49D1-97BC-3654ED321F3B}") = "MyWebApp.UnitTests", "test\MyWebApp.UnitTests\MyWebApp.UnitTests.xproj", "{B193B1E4-5504-4DFC-A220-88EDC98CF26D}"
EndProject
Global
	GlobalSection(SolutionConfigurationPlatforms) = preSolution
		Debug|Any CPU = Debug|Any CPU
		Release|Any CPU = Release|Any CPU
	EndGlobalSection
	GlobalSection(ProjectConfigurationPlatforms) = postSolution
		{2FC8EA18-7D18-4E0E-8FC6-0D0B85CECED9}.Debug|Any CPU.ActiveCfg = Debug|Any CPU
		{2FC8EA18-7D18-4E0E-8FC6-0D0B85CECED9}.Debug|Any CPU.Build.0 = Debug|Any CPU
		{2FC8EA18-7D18-4E0E-8FC6-0D0B85CECED9}.Release|Any CPU.ActiveCfg = Release|Any CPU
		{2FC8EA18-7D18-4E0E-8FC6-0D0B85CECED9}.Release|Any CPU.Build.0 = Release|Any CPU
		{B193B1E4-5504-4DFC-A220-88EDC98CF26D}.Debug|Any CPU.ActiveCfg = Debug|Any CPU
		{B193B1E4-5504-4DFC-A220-88EDC98CF26D}.Debug|Any CPU.Build.0 = Debug|Any CPU
		{B193B1E4-5504-4DFC-A220-88EDC98CF26D}.Release|Any CPU.ActiveCfg = Release|Any CPU
		{B193B1E4-5504-4DFC-A220-88EDC98CF26D}.Release|Any CPU.Build.0 = Release|Any CPU
	EndGlobalSection
	GlobalSection(SolutionProperties) = preSolution
		HideSolutionNode = FALSE
	EndGlobalSection
	GlobalSection(NestedProjects) = preSolution
		{2FC8EA18-7D18-4E0E-8FC6-0D0B85CECED9} = {90022F96-0E46-4310-9D94-AADF9E6F34E1}
		{B193B1E4-5504-4DFC-A220-88EDC98CF26D} = {5A6428B7-A978-4B81-B059-EDD237B0AADF}
	EndGlobalSection
EndGlobal
